{
  "name": "nuxt-babel-module",
  "version": "0.1.0",
  "lockfileVersion": 1,
  "requires": true,
  "dependencies": {
    "find-babel-config": {
      "version": "1.1.0",
      "resolved": "https://registry.npmjs.org/find-babel-config/-/find-babel-config-1.1.0.tgz",
      "integrity": "sha1-rMAQQ6Z0n+w0Qpvmtk9ULrtdY1U=",
      "requires": {
        "json5": "0.5.1",
        "path-exists": "3.0.0"
      }
    },
    "json5": {
      "version": "0.5.1",
      "resolved": "https://registry.npmjs.org/json5/-/json5-0.5.1.tgz",
      "integrity": "sha1-Hq3nrMASA0rYTiOWdn6tn6VJWCE="
    },
    "path-exists": {
      "version": "3.0.0",
      "resolved": "https://registry.npmjs.org/path-exists/-/path-exists-3.0.0.tgz",
      "integrity": "sha1-zg6+ql94yxiSXqfYENe1mwEP1RU="
    }
  }
}
