# THIS IS AN AUTOGENERATED FILE. DO NOT EDIT THIS FILE DIRECTLY.
# yarn lockfile v1


find-babel-config@^1.1.0:
  version "1.1.0"
  resolved "https://registry.yarnpkg.com/find-babel-config/-/find-babel-config-1.1.0.tgz#acc01043a6749fec34429be6b64f542ebb5d6355"
  dependencies:
    json5 "^0.5.1"
    path-exists "^3.0.0"

json5@^0.5.1:
  version "0.5.1"
  resolved "https://registry.yarnpkg.com/json5/-/json5-0.5.1.tgz#1eade7acc012034ad84e2396767ead9fa5495821"

path-exists@^3.0.0:
  version "3.0.0"
  resolved "https://registry.yarnpkg.com/path-exists/-/path-exists-3.0.0.tgz#ce0ebeaa5f78cb18925ea7d810d7b59b010fd515"
